
Microsoft Visual Studio Solution File, Format Version 12.00
# Visual Studio Version 17
VisualStudioVersion = 17.1.32228.430
MinimumVisualStudioVersion = 10.0.40219.1
Project("{9A19103F-16F7-4668-BE54-9A1E7A4F7556}") = "API", "API\API.csproj", "{F61F4567-E26F-4D04-8132-B52437EDCA8B}"
EndProject
Project("{9A19103F-16F7-4668-BE54-9A1E7A4F7556}") = "Model", "Model\Model.csproj", "{212991D5-B8F9-49C2-B7E9-8C27C6C3FFBE}"
EndProject
Project("{9A19103F-16F7-4668-BE54-9A1E7A4F7556}") = "View", "View\View.csproj", "{6740FFBB-9CE1-42E5-901F-E13AFC3F007E}"
EndProject
Project("{9A19103F-16F7-4668-BE54-9A1E7A4F7556}") = "Client.Tests", "Client.Tests\Client.Tests.csproj", "{413C72A7-7AA0-4855-8FA2-EAB06C7F48AF}"
EndProject
Project("{FAE04EC0-301F-11D3-BF4B-00C04F79EFBC}") = "Client", "Client\Client.csproj", "{83382764-5831-4F2D-B212-2BB93B308D7B}"
EndProject
Global
	GlobalSection(SolutionConfigurationPlatforms) = preSolution
		Debug|Any CPU = Debug|Any CPU
		Release|Any CPU = Release|Any CPU
	EndGlobalSection
	GlobalSection(ProjectConfigurationPlatforms) = postSolution
		{F61F4567-E26F-4D04-8132-B52437EDCA8B}.Debug|Any CPU.ActiveCfg = Debug|Any CPU
		{F61F4567-E26F-4D04-8132-B52437EDCA8B}.Debug|Any CPU.Build.0 = Debug|Any CPU
		{F61F4567-E26F-4D04-8132-B52437EDCA8B}.Release|Any CPU.ActiveCfg = Release|Any CPU
		{F61F4567-E26F-4D04-8132-B52437EDCA8B}.Release|Any CPU.Build.0 = Release|Any CPU
		{212991D5-B8F9-49C2-B7E9-8C27C6C3FFBE}.Debug|Any CPU.ActiveCfg = Debug|Any CPU
		{212991D5-B8F9-49C2-B7E9-8C27C6C3FFBE}.Debug|Any CPU.Build.0 = Debug|Any CPU
		{212991D5-B8F9-49C2-B7E9-8C27C6C3FFBE}.Release|Any CPU.ActiveCfg = Release|Any CPU
		{212991D5-B8F9-49C2-B7E9-8C27C6C3FFBE}.Release|Any CPU.Build.0 = Release|Any CPU
		{6740FFBB-9CE1-42E5-901F-E13AFC3F007E}.Debug|Any CPU.ActiveCfg = Debug|Any CPU
		{6740FFBB-9CE1-42E5-901F-E13AFC3F007E}.Debug|Any CPU.Build.0 = Debug|Any CPU
		{6740FFBB-9CE1-42E5-901F-E13AFC3F007E}.Release|Any CPU.ActiveCfg = Release|Any CPU
		{6740FFBB-9CE1-42E5-901F-E13AFC3F007E}.Release|Any CPU.Build.0 = Release|Any CPU
		{413C72A7-7AA0-4855-8FA2-EAB06C7F48AF}.Debug|Any CPU.ActiveCfg = Debug|Any CPU
		{413C72A7-7AA0-4855-8FA2-EAB06C7F48AF}.Debug|Any CPU.Build.0 = Debug|Any CPU
		{413C72A7-7AA0-4855-8FA2-EAB06C7F48AF}.Release|Any CPU.ActiveCfg = Release|Any CPU
		{413C72A7-7AA0-4855-8FA2-EAB06C7F48AF}.Release|Any CPU.Build.0 = Release|Any CPU
		{83382764-5831-4F2D-B212-2BB93B308D7B}.Debug|Any CPU.ActiveCfg = Debug|Any CPU
		{83382764-5831-4F2D-B212-2BB93B308D7B}.Debug|Any CPU.Build.0 = Debug|Any CPU
		{83382764-5831-4F2D-B212-2BB93B308D7B}.Release|Any CPU.ActiveCfg = Release|Any CPU
		{83382764-5831-4F2D-B212-2BB93B308D7B}.Release|Any CPU.Build.0 = Release|Any CPU
	EndGlobalSection
	GlobalSection(SolutionProperties) = preSolution
		HideSolutionNode = FALSE
	EndGlobalSection
	GlobalSection(ExtensibilityGlobals) = postSolution
		SolutionGuid = {E537E05C-D631-4D22-AC9B-68331941AE2A}
	EndGlobalSection
EndGlobal
